
Microsoft Visual Studio Solution File, Format Version 11.00
# Visual Studio 2010
Project("{FAE04EC0-301F-11D3-BF4B-00C04F79EFBC}") = "Sim", "Assembly-CSharp-firstpass.csproj", "{105E756E-52D8-AB52-FC9A-DAED883A104E}"
EndProject
Project("{FAE04EC0-301F-11D3-BF4B-00C04F79EFBC}") = "Sim", "Assembly-CSharp.csproj", "{143E1B6F-272A-9197-A55B-985DEEA68394}"
EndProject
Global
	GlobalSection(SolutionConfigurationPlatforms) = preSolution
		Debug|Any CPU = Debug|Any CPU
		Release|Any CPU = Release|Any CPU
	EndGlobalSection
	GlobalSection(ProjectConfigurationPlatforms) = postSolution
		{105E756E-52D8-AB52-FC9A-DAED883A104E}.Debug|Any CPU.ActiveCfg = Debug|Any CPU
		{105E756E-52D8-AB52-FC9A-DAED883A104E}.Debug|Any CPU.Build.0 = Debug|Any CPU
		{105E756E-52D8-AB52-FC9A-DAED883A104E}.Release|Any CPU.ActiveCfg = Release|Any CPU
		{105E756E-52D8-AB52-FC9A-DAED883A104E}.Release|Any CPU.Build.0 = Release|Any CPU
		{143E1B6F-272A-9197-A55B-985DEEA68394}.Debug|Any CPU.ActiveCfg = Debug|Any CPU
		{143E1B6F-272A-9197-A55B-985DEEA68394}.Debug|Any CPU.Build.0 = Debug|Any CPU
		{143E1B6F-272A-9197-A55B-985DEEA68394}.Release|Any CPU.ActiveCfg = Release|Any CPU
		{143E1B6F-272A-9197-A55B-985DEEA68394}.Release|Any CPU.Build.0 = Release|Any CPU
	EndGlobalSection
	GlobalSection(SolutionProperties) = preSolution
		HideSolutionNode = FALSE
	EndGlobalSection
	GlobalSection(MonoDevelopProperties) = preSolution
		StartupItem = Assembly-CSharp.csproj
	EndGlobalSection
EndGlobal
